
Microsoft Visual Studio Solution File, Format Version 12.00
# Visual Studio 14
VisualStudioVersion = 14.0.23107.0
MinimumVisualStudioVersion = 10.0.40219.1
Project("{F184B08F-C81C-45F6-A57F-5ABD9991F28F}") = "Uebung1", "Uebung1\Uebung1.vbproj", "{84AA6ACD-B7E6-4C4A-8658-FAC5C512ABC3}"
EndProject
Project("{F184B08F-C81C-45F6-A57F-5ABD9991F28F}") = "Uebung2", "Uebung2\Uebung2.vbproj", "{F58F6677-6AB7-48D1-965D-2014DD3FC65B}"
EndProject
Project("{F184B08F-C81C-45F6-A57F-5ABD9991F28F}") = "Uebung3", "Uebung\Uebung3.vbproj", "{5FBDEA36-55C0-4877-9C9E-E84074D85277}"
EndProject
Project("{F184B08F-C81C-45F6-A57F-5ABD9991F28F}") = "Uebung4", "Uebung4\Uebung4.vbproj", "{75E51C38-4F76-4969-B061-15D4A65BAA0E}"
EndProject
Project("{F184B08F-C81C-45F6-A57F-5ABD9991F28F}") = "Uebung5", "Uebung5\Uebung5.vbproj", "{20596228-EA01-4AC0-A819-3ED3B894303A}"
EndProject
Project("{F184B08F-C81C-45F6-A57F-5ABD9991F28F}") = "Uebung6", "Uebung6\Uebung6.vbproj", "{CD304CB6-2070-4AD7-BD36-413D66404F5F}"
EndProject
Global
	GlobalSection(SolutionConfigurationPlatforms) = preSolution
		Debug|Any CPU = Debug|Any CPU
		Release|Any CPU = Release|Any CPU
	EndGlobalSection
	GlobalSection(ProjectConfigurationPlatforms) = postSolution
		{84AA6ACD-B7E6-4C4A-8658-FAC5C512ABC3}.Debug|Any CPU.ActiveCfg = Debug|Any CPU
		{84AA6ACD-B7E6-4C4A-8658-FAC5C512ABC3}.Debug|Any CPU.Build.0 = Debug|Any CPU
		{84AA6ACD-B7E6-4C4A-8658-FAC5C512ABC3}.Release|Any CPU.ActiveCfg = Release|Any CPU
		{84AA6ACD-B7E6-4C4A-8658-FAC5C512ABC3}.Release|Any CPU.Build.0 = Release|Any CPU
		{F58F6677-6AB7-48D1-965D-2014DD3FC65B}.Debug|Any CPU.ActiveCfg = Debug|Any CPU
		{F58F6677-6AB7-48D1-965D-2014DD3FC65B}.Debug|Any CPU.Build.0 = Debug|Any CPU
		{F58F6677-6AB7-48D1-965D-2014DD3FC65B}.Release|Any CPU.ActiveCfg = Release|Any CPU
		{F58F6677-6AB7-48D1-965D-2014DD3FC65B}.Release|Any CPU.Build.0 = Release|Any CPU
		{5FBDEA36-55C0-4877-9C9E-E84074D85277}.Debug|Any CPU.ActiveCfg = Debug|Any CPU
		{5FBDEA36-55C0-4877-9C9E-E84074D85277}.Debug|Any CPU.Build.0 = Debug|Any CPU
		{5FBDEA36-55C0-4877-9C9E-E84074D85277}.Release|Any CPU.ActiveCfg = Release|Any CPU
		{5FBDEA36-55C0-4877-9C9E-E84074D85277}.Release|Any CPU.Build.0 = Release|Any CPU
		{75E51C38-4F76-4969-B061-15D4A65BAA0E}.Debug|Any CPU.ActiveCfg = Debug|Any CPU
		{75E51C38-4F76-4969-B061-15D4A65BAA0E}.Debug|Any CPU.Build.0 = Debug|Any CPU
		{75E51C38-4F76-4969-B061-15D4A65BAA0E}.Release|Any CPU.ActiveCfg = Release|Any CPU
		{75E51C38-4F76-4969-B061-15D4A65BAA0E}.Release|Any CPU.Build.0 = Release|Any CPU
		{20596228-EA01-4AC0-A819-3ED3B894303A}.Debug|Any CPU.ActiveCfg = Debug|Any CPU
		{20596228-EA01-4AC0-A819-3ED3B894303A}.Debug|Any CPU.Build.0 = Debug|Any CPU
		{20596228-EA01-4AC0-A819-3ED3B894303A}.Release|Any CPU.ActiveCfg = Release|Any CPU
		{20596228-EA01-4AC0-A819-3ED3B894303A}.Release|Any CPU.Build.0 = Release|Any CPU
		{CD304CB6-2070-4AD7-BD36-413D66404F5F}.Debug|Any CPU.ActiveCfg = Debug|Any CPU
		{CD304CB6-2070-4AD7-BD36-413D66404F5F}.Debug|Any CPU.Build.0 = Debug|Any CPU
		{CD304CB6-2070-4AD7-BD36-413D66404F5F}.Release|Any CPU.ActiveCfg = Release|Any CPU
		{CD304CB6-2070-4AD7-BD36-413D66404F5F}.Release|Any CPU.Build.0 = Release|Any CPU
	EndGlobalSection
	GlobalSection(SolutionProperties) = preSolution
		HideSolutionNode = FALSE
	EndGlobalSection
EndGlobal
